{
  "name": "@react-spa/root",
  "version": "1.0.0",
  "lockfileVersion": 3,
  "requires": true,
  "packages": {
    "": {
      "name": "@react-spa/root",
      "version": "1.0.0",
      "license": "ISC",
      "workspaces": [
        "apps/*",
        "packages/utils",
        "app",
        "packages/components"
      ]
    },
    "app": {
      "name": "@monorepo/app",
      "version": "1.0.0",
      "license": "ISC",
      "devDependencies": {}
    },
    "node_modules/@monorepo/app": {
      "resolved": "app",
      "link": true
    },
    "node_modules/@react-spa/components": {
      "resolved": "packages/components",
      "link": true
    },
    "node_modules/@react-spa/utils": {
      "resolved": "packages/utils",
      "link": true
    },
    "packages/components": {
      "version": "1.0.0",
      "license": "ISC",
      "devDependencies": {}
    },
    "packages/utils": {
      "name": "@react-spa/utils",
      "version": "1.0.0",
      "license": "ISC",
      "devDependencies": {}
    }
  }
}
